
Microsoft Visual Studio Solution File, Format Version 12.00
# Visual Studio 15
VisualStudioVersion = 15.0.28307.779
MinimumVisualStudioVersion = 10.0.40219.1
Project("{FAE04EC0-301F-11D3-BF4B-00C04F79EFBC}") = "Tarea6_Azure", "Tarea6_Azure\Tarea6_Azure.csproj", "{1E55F4B4-5A56-4968-9A8C-CDEE4A9B4724}"
EndProject
Project("{FAE04EC0-301F-11D3-BF4B-00C04F79EFBC}") = "Tarea6_Azure.Tests", "Tarea6_Azure.Tests\Tarea6_Azure.Tests.csproj", "{30A9AC81-4744-4947-B688-FBECD3A12669}"
EndProject
Project("{FAE04EC0-301F-11D3-BF4B-00C04F79EFBC}") = "BLL", "BLL\BLL.csproj", "{1D858CBF-5480-4BC5-BDBE-F01C0F727F4D}"
EndProject
Project("{FAE04EC0-301F-11D3-BF4B-00C04F79EFBC}") = "DAL", "DAL\DAL.csproj", "{0059D103-8019-40B6-A7FF-5342598768A7}"
EndProject
Project("{FAE04EC0-301F-11D3-BF4B-00C04F79EFBC}") = "Entidades", "Entidades\Entidades.csproj", "{B40626CA-94BA-4AF1-B8BD-E8A42604A7EB}"
EndProject
Global
	GlobalSection(SolutionConfigurationPlatforms) = preSolution
		Debug|Any CPU = Debug|Any CPU
		Release|Any CPU = Release|Any CPU
	EndGlobalSection
	GlobalSection(ProjectConfigurationPlatforms) = postSolution
		{1E55F4B4-5A56-4968-9A8C-CDEE4A9B4724}.Debug|Any CPU.ActiveCfg = Debug|Any CPU
		{1E55F4B4-5A56-4968-9A8C-CDEE4A9B4724}.Debug|Any CPU.Build.0 = Debug|Any CPU
		{1E55F4B4-5A56-4968-9A8C-CDEE4A9B4724}.Release|Any CPU.ActiveCfg = Release|Any CPU
		{1E55F4B4-5A56-4968-9A8C-CDEE4A9B4724}.Release|Any CPU.Build.0 = Release|Any CPU
		{30A9AC81-4744-4947-B688-FBECD3A12669}.Debug|Any CPU.ActiveCfg = Debug|Any CPU
		{30A9AC81-4744-4947-B688-FBECD3A12669}.Debug|Any CPU.Build.0 = Debug|Any CPU
		{30A9AC81-4744-4947-B688-FBECD3A12669}.Release|Any CPU.ActiveCfg = Release|Any CPU
		{30A9AC81-4744-4947-B688-FBECD3A12669}.Release|Any CPU.Build.0 = Release|Any CPU
		{1D858CBF-5480-4BC5-BDBE-F01C0F727F4D}.Debug|Any CPU.ActiveCfg = Debug|Any CPU
		{1D858CBF-5480-4BC5-BDBE-F01C0F727F4D}.Debug|Any CPU.Build.0 = Debug|Any CPU
		{1D858CBF-5480-4BC5-BDBE-F01C0F727F4D}.Release|Any CPU.ActiveCfg = Release|Any CPU
		{1D858CBF-5480-4BC5-BDBE-F01C0F727F4D}.Release|Any CPU.Build.0 = Release|Any CPU
		{0059D103-8019-40B6-A7FF-5342598768A7}.Debug|Any CPU.ActiveCfg = Debug|Any CPU
		{0059D103-8019-40B6-A7FF-5342598768A7}.Debug|Any CPU.Build.0 = Debug|Any CPU
		{0059D103-8019-40B6-A7FF-5342598768A7}.Release|Any CPU.ActiveCfg = Release|Any CPU
		{0059D103-8019-40B6-A7FF-5342598768A7}.Release|Any CPU.Build.0 = Release|Any CPU
		{B40626CA-94BA-4AF1-B8BD-E8A42604A7EB}.Debug|Any CPU.ActiveCfg = Debug|Any CPU
		{B40626CA-94BA-4AF1-B8BD-E8A42604A7EB}.Debug|Any CPU.Build.0 = Debug|Any CPU
		{B40626CA-94BA-4AF1-B8BD-E8A42604A7EB}.Release|Any CPU.ActiveCfg = Release|Any CPU
		{B40626CA-94BA-4AF1-B8BD-E8A42604A7EB}.Release|Any CPU.Build.0 = Release|Any CPU
	EndGlobalSection
	GlobalSection(SolutionProperties) = preSolution
		HideSolutionNode = FALSE
	EndGlobalSection
	GlobalSection(ExtensibilityGlobals) = postSolution
		SolutionGuid = {37022860-D1F4-42DB-A39C-4743ACC5480F}
	EndGlobalSection
EndGlobal
