
Microsoft Visual Studio Solution File, Format Version 12.00
# Visual Studio 15
VisualStudioVersion = 15.0.28307.779
MinimumVisualStudioVersion = 10.0.40219.1
Project("{FAE04EC0-301F-11D3-BF4B-00C04F79EFBC}") = "Tarea6_Azure", "Tarea6_Azure\Tarea6_Azure.csproj", "{1E55F4B4-5A56-4968-9A8C-CDEE4A9B4724}"
EndProject
Project("{FAE04EC0-301F-11D3-BF4B-00C04F79EFBC}") = "Tarea6_Azure.Tests", "Tarea6_Azure.Tests\Tarea6_Azure.Tests.csproj", "{30A9AC81-4744-4947-B688-FBECD3A12669}"
EndProject
Global
	GlobalSection(SolutionConfigurationPlatforms) = preSolution
		Debug|Any CPU = Debug|Any CPU
		Release|Any CPU = Release|Any CPU
	EndGlobalSection
	GlobalSection(ProjectConfigurationPlatforms) = postSolution
		{1E55F4B4-5A56-4968-9A8C-CDEE4A9B4724}.Debug|Any CPU.ActiveCfg = Debug|Any CPU
		{1E55F4B4-5A56-4968-9A8C-CDEE4A9B4724}.Debug|Any CPU.Build.0 = Debug|Any CPU
		{1E55F4B4-5A56-4968-9A8C-CDEE4A9B4724}.Release|Any CPU.ActiveCfg = Release|Any CPU
		{1E55F4B4-5A56-4968-9A8C-CDEE4A9B4724}.Release|Any CPU.Build.0 = Release|Any CPU
		{30A9AC81-4744-4947-B688-FBECD3A12669}.Debug|Any CPU.ActiveCfg = Debug|Any CPU
		{30A9AC81-4744-4947-B688-FBECD3A12669}.Debug|Any CPU.Build.0 = Debug|Any CPU
		{30A9AC81-4744-4947-B688-FBECD3A12669}.Release|Any CPU.ActiveCfg = Release|Any CPU
		{30A9AC81-4744-4947-B688-FBECD3A12669}.Release|Any CPU.Build.0 = Release|Any CPU
	EndGlobalSection
	GlobalSection(SolutionProperties) = preSolution
		HideSolutionNode = FALSE
	EndGlobalSection
	GlobalSection(ExtensibilityGlobals) = postSolution
		SolutionGuid = {37022860-D1F4-42DB-A39C-4743ACC5480F}
	EndGlobalSection
EndGlobal
